
Microsoft Visual Studio Solution File, Format Version 12.00
# Visual Studio Version 17
VisualStudioVersion = 17.11.35303.130
MinimumVisualStudioVersion = 10.0.40219.1
Project("{2150E333-8FDC-42A3-9474-1A3956D46DE8}") = "Task0", "Task0", "{CF0FD9E7-C8ED-4DA5-8429-D2DC1079D828}"
EndProject
Project("{9A19103F-16F7-4668-BE54-9A1E7A4F7556}") = "Tyuiu.BerezkinAA.Sprint0.Task0.V0", "Tyuiu.BerezkinAA.Sprint0.Task0.V0\Tyuiu.BerezkinAA.Sprint0.Task0.V0.csproj", "{2D72B7E4-7DCF-4BA8-B988-0B10F4DDFCD8}"
EndProject
Project("{2150E333-8FDC-42A3-9474-1A3956D46DE8}") = "Task1", "Task1", "{FA64BABC-5B9D-4087-ADAD-D475F0E05DFC}"
EndProject
Project("{9A19103F-16F7-4668-BE54-9A1E7A4F7556}") = "Tyuiu.BerezkinAA.Sprint0.Task1.V0", "Tyuiu.BerezkinAA.Sprint0.Task1.V0\Tyuiu.BerezkinAA.Sprint0.Task1.V0.csproj", "{EDA737B1-C7AD-437F-A0C8-4868A294F4FC}"
EndProject
Project("{2150E333-8FDC-42A3-9474-1A3956D46DE8}") = "Task2", "Task2", "{175C44F1-2147-4445-8602-76397E57AB70}"
EndProject
Project("{9A19103F-16F7-4668-BE54-9A1E7A4F7556}") = "Tyuiu.BerezkinAA.Sprint0.Task2.V0", "Tyuiu.BerezkinAA.Sprint0.Task2.V0\Tyuiu.BerezkinAA.Sprint0.Task2.V0.csproj", "{F9505449-24DE-4D2A-AD8D-75D019C94BB2}"
EndProject
Project("{9A19103F-16F7-4668-BE54-9A1E7A4F7556}") = "Tyuiu.BerezkinAA.Sprint0.Task2.V0.Lib", "Tyuiu.BerezkinAA.Sprint0.Task2.V0.Lib\Tyuiu.BerezkinAA.Sprint0.Task2.V0.Lib.csproj", "{BC1954FD-F1EC-4E79-95D8-16D68ED0F1A3}"
EndProject
Project("{9A19103F-16F7-4668-BE54-9A1E7A4F7556}") = "Tyuiu.BerezkinAA.Sprint0.Task2.V0.Test", "Tyuiu.BerezkinAA.Sprint0.Task2.V0.Test\Tyuiu.BerezkinAA.Sprint0.Task2.V0.Test.csproj", "{42CFB178-B3FB-4DD4-B769-9388420CF0B3}"
EndProject
Project("{2150E333-8FDC-42A3-9474-1A3956D46DE8}") = "Task3", "Task3", "{08828E08-E229-4EBC-B369-197BBD34E650}"
EndProject
Project("{FAE04EC0-301F-11D3-BF4B-00C04F79EFBC}") = "Tyuiu.BerezkinAA.Sprint0.Task3.V0", "Tyuiu.BerezkinAA.Sprint0.Task3.V0\Tyuiu.BerezkinAA.Sprint0.Task3.V0.csproj", "{955EA24C-7E18-4A76-8A18-C82FEC512F92}"
EndProject
Project("{FAE04EC0-301F-11D3-BF4B-00C04F79EFBC}") = "Tyuiu.BerezkinAA.Sprint0.Task3.V0.Test", "Tyuiu.BerezkinAA.Sprint0.Task3.V0.Test\Tyuiu.BerezkinAA.Sprint0.Task3.V0.Test.csproj", "{38BEA0A1-CD9B-4D2E-A5DE-76ADC762CB82}"
EndProject
Project("{FAE04EC0-301F-11D3-BF4B-00C04F79EFBC}") = "Tyuiu.BerezkinAA.Sprint0.Task3.V0.Lib", "Tyuiu.BerezkinAA.Sprint0.Task3.V0.Lib\Tyuiu.BerezkinAA.Sprint0.Task3.V0.Lib.csproj", "{86F780A0-B0D4-48B8-BE2B-0ADCEB994848}"
EndProject
Project("{2150E333-8FDC-42A3-9474-1A3956D46DE8}") = "Task4", "Task4", "{15E5815E-ECB0-4765-920D-6B106F14EF19}"
EndProject
Project("{FAE04EC0-301F-11D3-BF4B-00C04F79EFBC}") = "Tyuiu.BerezkinAA.Sprint0.Task4.V0", "Tyuiu.BerezkinAA.Sprint0.Task4.V0\Tyuiu.BerezkinAA.Sprint0.Task4.V0.csproj", "{F48C870E-4D59-4CDF-AEB8-29BA950E9376}"
EndProject
Project("{FAE04EC0-301F-11D3-BF4B-00C04F79EFBC}") = "Tyuiu.BerezkinAA.Sprint0.Task4.V0.Lib", "Tyuiu.BerezkinAA.Sprint0.Task4.V0.Lib\Tyuiu.BerezkinAA.Sprint0.Task4.V0.Lib.csproj", "{C281719B-EC5A-409A-982C-68EBCA04755C}"
EndProject
Project("{FAE04EC0-301F-11D3-BF4B-00C04F79EFBC}") = "Tyuiu.BerezkinAA.Sprint0.Task4.V0.Test", "Tyuiu.BerezkinAA.Sprint0.Task4.V0.Test\Tyuiu.BerezkinAA.Sprint0.Task4.V0.Test.csproj", "{44B76A6E-935D-40E4-BBBA-65E034DAEF0E}"
EndProject
Project("{2150E333-8FDC-42A3-9474-1A3956D46DE8}") = "Task5", "Task5", "{88F27763-FB86-4CC3-91F2-3C1CBFF9CDF0}"
EndProject
Project("{FAE04EC0-301F-11D3-BF4B-00C04F79EFBC}") = "Tyuiu.BerezkinAA.Sprint0.Task5.V0", "Tyuiu.BerezkinAA.Sprint0.Task5.V0\Tyuiu.BerezkinAA.Sprint0.Task5.V0.csproj", "{EE9BC429-FC08-499F-9111-D6FA6CF50C7E}"
EndProject
Project("{FAE04EC0-301F-11D3-BF4B-00C04F79EFBC}") = "Tyuiu.BerezkinAA.Sprint0.Task5.V0.Test", "Tyuiu.BerezkinAA.Sprint0.Task5.V0.Test\Tyuiu.BerezkinAA.Sprint0.Task5.V0.Test.csproj", "{0FF4BCBD-9E87-4A0F-9F77-E72F05918BDF}"
EndProject
Project("{FAE04EC0-301F-11D3-BF4B-00C04F79EFBC}") = "Tyuiu.BerezkinAA.Sprint0.Task5.V0.Lib", "Tyuiu.BerezkinAA.Sprint0.Task5.V0.Lib\Tyuiu.BerezkinAA.Sprint0.Task5.V0.Lib.csproj", "{9E656D02-4D72-41C9-B872-677C3BFCF201}"
EndProject
Global
	GlobalSection(SolutionConfigurationPlatforms) = preSolution
		Debug|Any CPU = Debug|Any CPU
		Release|Any CPU = Release|Any CPU
	EndGlobalSection
	GlobalSection(ProjectConfigurationPlatforms) = postSolution
		{2D72B7E4-7DCF-4BA8-B988-0B10F4DDFCD8}.Debug|Any CPU.ActiveCfg = Debug|Any CPU
		{2D72B7E4-7DCF-4BA8-B988-0B10F4DDFCD8}.Debug|Any CPU.Build.0 = Debug|Any CPU
		{2D72B7E4-7DCF-4BA8-B988-0B10F4DDFCD8}.Release|Any CPU.ActiveCfg = Release|Any CPU
		{2D72B7E4-7DCF-4BA8-B988-0B10F4DDFCD8}.Release|Any CPU.Build.0 = Release|Any CPU
		{EDA737B1-C7AD-437F-A0C8-4868A294F4FC}.Debug|Any CPU.ActiveCfg = Debug|Any CPU
		{EDA737B1-C7AD-437F-A0C8-4868A294F4FC}.Debug|Any CPU.Build.0 = Debug|Any CPU
		{EDA737B1-C7AD-437F-A0C8-4868A294F4FC}.Release|Any CPU.ActiveCfg = Release|Any CPU
		{EDA737B1-C7AD-437F-A0C8-4868A294F4FC}.Release|Any CPU.Build.0 = Release|Any CPU
		{F9505449-24DE-4D2A-AD8D-75D019C94BB2}.Debug|Any CPU.ActiveCfg = Debug|Any CPU
		{F9505449-24DE-4D2A-AD8D-75D019C94BB2}.Debug|Any CPU.Build.0 = Debug|Any CPU
		{F9505449-24DE-4D2A-AD8D-75D019C94BB2}.Release|Any CPU.ActiveCfg = Release|Any CPU
		{F9505449-24DE-4D2A-AD8D-75D019C94BB2}.Release|Any CPU.Build.0 = Release|Any CPU
		{BC1954FD-F1EC-4E79-95D8-16D68ED0F1A3}.Debug|Any CPU.ActiveCfg = Debug|Any CPU
		{BC1954FD-F1EC-4E79-95D8-16D68ED0F1A3}.Debug|Any CPU.Build.0 = Debug|Any CPU
		{BC1954FD-F1EC-4E79-95D8-16D68ED0F1A3}.Release|Any CPU.ActiveCfg = Release|Any CPU
		{BC1954FD-F1EC-4E79-95D8-16D68ED0F1A3}.Release|Any CPU.Build.0 = Release|Any CPU
		{42CFB178-B3FB-4DD4-B769-9388420CF0B3}.Debug|Any CPU.ActiveCfg = Debug|Any CPU
		{42CFB178-B3FB-4DD4-B769-9388420CF0B3}.Debug|Any CPU.Build.0 = Debug|Any CPU
		{42CFB178-B3FB-4DD4-B769-9388420CF0B3}.Release|Any CPU.ActiveCfg = Release|Any CPU
		{42CFB178-B3FB-4DD4-B769-9388420CF0B3}.Release|Any CPU.Build.0 = Release|Any CPU
		{955EA24C-7E18-4A76-8A18-C82FEC512F92}.Debug|Any CPU.ActiveCfg = Debug|Any CPU
		{955EA24C-7E18-4A76-8A18-C82FEC512F92}.Debug|Any CPU.Build.0 = Debug|Any CPU
		{955EA24C-7E18-4A76-8A18-C82FEC512F92}.Release|Any CPU.ActiveCfg = Release|Any CPU
		{955EA24C-7E18-4A76-8A18-C82FEC512F92}.Release|Any CPU.Build.0 = Release|Any CPU
		{38BEA0A1-CD9B-4D2E-A5DE-76ADC762CB82}.Debug|Any CPU.ActiveCfg = Debug|Any CPU
		{38BEA0A1-CD9B-4D2E-A5DE-76ADC762CB82}.Debug|Any CPU.Build.0 = Debug|Any CPU
		{38BEA0A1-CD9B-4D2E-A5DE-76ADC762CB82}.Release|Any CPU.ActiveCfg = Release|Any CPU
		{38BEA0A1-CD9B-4D2E-A5DE-76ADC762CB82}.Release|Any CPU.Build.0 = Release|Any CPU
		{86F780A0-B0D4-48B8-BE2B-0ADCEB994848}.Debug|Any CPU.ActiveCfg = Debug|Any CPU
		{86F780A0-B0D4-48B8-BE2B-0ADCEB994848}.Debug|Any CPU.Build.0 = Debug|Any CPU
		{86F780A0-B0D4-48B8-BE2B-0ADCEB994848}.Release|Any CPU.ActiveCfg = Release|Any CPU
		{86F780A0-B0D4-48B8-BE2B-0ADCEB994848}.Release|Any CPU.Build.0 = Release|Any CPU
		{F48C870E-4D59-4CDF-AEB8-29BA950E9376}.Debug|Any CPU.ActiveCfg = Debug|Any CPU
		{F48C870E-4D59-4CDF-AEB8-29BA950E9376}.Debug|Any CPU.Build.0 = Debug|Any CPU
		{F48C870E-4D59-4CDF-AEB8-29BA950E9376}.Release|Any CPU.ActiveCfg = Release|Any CPU
		{F48C870E-4D59-4CDF-AEB8-29BA950E9376}.Release|Any CPU.Build.0 = Release|Any CPU
		{C281719B-EC5A-409A-982C-68EBCA04755C}.Debug|Any CPU.ActiveCfg = Debug|Any CPU
		{C281719B-EC5A-409A-982C-68EBCA04755C}.Debug|Any CPU.Build.0 = Debug|Any CPU
		{C281719B-EC5A-409A-982C-68EBCA04755C}.Release|Any CPU.ActiveCfg = Release|Any CPU
		{C281719B-EC5A-409A-982C-68EBCA04755C}.Release|Any CPU.Build.0 = Release|Any CPU
		{44B76A6E-935D-40E4-BBBA-65E034DAEF0E}.Debug|Any CPU.ActiveCfg = Debug|Any CPU
		{44B76A6E-935D-40E4-BBBA-65E034DAEF0E}.Debug|Any CPU.Build.0 = Debug|Any CPU
		{44B76A6E-935D-40E4-BBBA-65E034DAEF0E}.Release|Any CPU.ActiveCfg = Release|Any CPU
		{44B76A6E-935D-40E4-BBBA-65E034DAEF0E}.Release|Any CPU.Build.0 = Release|Any CPU
		{EE9BC429-FC08-499F-9111-D6FA6CF50C7E}.Debug|Any CPU.ActiveCfg = Debug|Any CPU
		{EE9BC429-FC08-499F-9111-D6FA6CF50C7E}.Debug|Any CPU.Build.0 = Debug|Any CPU
		{EE9BC429-FC08-499F-9111-D6FA6CF50C7E}.Release|Any CPU.ActiveCfg = Release|Any CPU
		{EE9BC429-FC08-499F-9111-D6FA6CF50C7E}.Release|Any CPU.Build.0 = Release|Any CPU
		{0FF4BCBD-9E87-4A0F-9F77-E72F05918BDF}.Debug|Any CPU.ActiveCfg = Debug|Any CPU
		{0FF4BCBD-9E87-4A0F-9F77-E72F05918BDF}.Debug|Any CPU.Build.0 = Debug|Any CPU
		{0FF4BCBD-9E87-4A0F-9F77-E72F05918BDF}.Release|Any CPU.ActiveCfg = Release|Any CPU
		{0FF4BCBD-9E87-4A0F-9F77-E72F05918BDF}.Release|Any CPU.Build.0 = Release|Any CPU
		{9E656D02-4D72-41C9-B872-677C3BFCF201}.Debug|Any CPU.ActiveCfg = Debug|Any CPU
		{9E656D02-4D72-41C9-B872-677C3BFCF201}.Debug|Any CPU.Build.0 = Debug|Any CPU
		{9E656D02-4D72-41C9-B872-677C3BFCF201}.Release|Any CPU.ActiveCfg = Release|Any CPU
		{9E656D02-4D72-41C9-B872-677C3BFCF201}.Release|Any CPU.Build.0 = Release|Any CPU
	EndGlobalSection
	GlobalSection(SolutionProperties) = preSolution
		HideSolutionNode = FALSE
	EndGlobalSection
	GlobalSection(NestedProjects) = preSolution
		{2D72B7E4-7DCF-4BA8-B988-0B10F4DDFCD8} = {CF0FD9E7-C8ED-4DA5-8429-D2DC1079D828}
		{EDA737B1-C7AD-437F-A0C8-4868A294F4FC} = {FA64BABC-5B9D-4087-ADAD-D475F0E05DFC}
		{F9505449-24DE-4D2A-AD8D-75D019C94BB2} = {175C44F1-2147-4445-8602-76397E57AB70}
		{BC1954FD-F1EC-4E79-95D8-16D68ED0F1A3} = {175C44F1-2147-4445-8602-76397E57AB70}
		{42CFB178-B3FB-4DD4-B769-9388420CF0B3} = {175C44F1-2147-4445-8602-76397E57AB70}
		{955EA24C-7E18-4A76-8A18-C82FEC512F92} = {08828E08-E229-4EBC-B369-197BBD34E650}
		{38BEA0A1-CD9B-4D2E-A5DE-76ADC762CB82} = {08828E08-E229-4EBC-B369-197BBD34E650}
		{86F780A0-B0D4-48B8-BE2B-0ADCEB994848} = {08828E08-E229-4EBC-B369-197BBD34E650}
		{F48C870E-4D59-4CDF-AEB8-29BA950E9376} = {15E5815E-ECB0-4765-920D-6B106F14EF19}
		{C281719B-EC5A-409A-982C-68EBCA04755C} = {15E5815E-ECB0-4765-920D-6B106F14EF19}
		{44B76A6E-935D-40E4-BBBA-65E034DAEF0E} = {15E5815E-ECB0-4765-920D-6B106F14EF19}
		{EE9BC429-FC08-499F-9111-D6FA6CF50C7E} = {88F27763-FB86-4CC3-91F2-3C1CBFF9CDF0}
		{0FF4BCBD-9E87-4A0F-9F77-E72F05918BDF} = {88F27763-FB86-4CC3-91F2-3C1CBFF9CDF0}
		{9E656D02-4D72-41C9-B872-677C3BFCF201} = {88F27763-FB86-4CC3-91F2-3C1CBFF9CDF0}
	EndGlobalSection
	GlobalSection(ExtensibilityGlobals) = postSolution
		SolutionGuid = {F3EA6B9D-1E71-413B-A96E-CF477D47760F}
	EndGlobalSection
EndGlobal
